// !$*UTF8*$!
{
	archiveVersion = 1;
	classes = {
	};
	objectVersion = 51;
	objects = {

/* Begin PBXBuildFile section */
		5975DDE726A86A0A00789746 /* GalleryViewController.swift in Sources */ = {isa = PBXBuildFile; fileRef = 5975DDE626A86A0A00789746 /* GalleryViewController.swift */; };
		5975DDED26A96B1E00789746 /* NetworkService.swift in Sources */ = {isa = PBXBuildFile; fileRef = 5975DDEC26A96B1E00789746 /* NetworkService.swift */; };
		5975DDEF26A96C3100789746 /* API.swift in Sources */ = {isa = PBXBuildFile; fileRef = 5975DDEE26A96C3100789746 /* API.swift */; };
		5975DDF226A99AFE00789746 /* PhotosResponse.swift in Sources */ = {isa = PBXBuildFile; fileRef = 5975DDF126A99AFE00789746 /* PhotosResponse.swift */; };
		5975DDF426A9A2BE00789746 /* NetworkDataFetcher.swift in Sources */ = {isa = PBXBuildFile; fileRef = 5975DDF326A9A2BE00789746 /* NetworkDataFetcher.swift */; };
		5975DE0C26AAE4FB00789746 /* WebImageView.swift in Sources */ = {isa = PBXBuildFile; fileRef = 5975DE0B26AAE4FB00789746 /* WebImageView.swift */; };
		5975DE0E26AB28C200789746 /* PhotoCell.swift in Sources */ = {isa = PBXBuildFile; fileRef = 5975DE0D26AB28C200789746 /* PhotoCell.swift */; };
		5975DE1026AF0B3200789746 /* PhotoCell.xib in Resources */ = {isa = PBXBuildFile; fileRef = 5975DE0F26AF0B3200789746 /* PhotoCell.xib */; };
		597AE1E626B2E8850052DCD7 /* PhotoViewController.swift in Sources */ = {isa = PBXBuildFile; fileRef = 597AE1E426B2E8850052DCD7 /* PhotoViewController.swift */; };
		597AE1E726B2E8850052DCD7 /* PhotoViewController.xib in Resources */ = {isa = PBXBuildFile; fileRef = 597AE1E526B2E8850052DCD7 /* PhotoViewController.xib */; };
		597AE1EA26B425700052DCD7 /* AuthViewController.swift in Sources */ = {isa = PBXBuildFile; fileRef = 597AE1E826B425700052DCD7 /* AuthViewController.swift */; };
		597AE1EB26B425700052DCD7 /* AuthViewController.xib in Resources */ = {isa = PBXBuildFile; fileRef = 597AE1E926B425700052DCD7 /* AuthViewController.xib */; };
		597AE1ED26B4313A0052DCD7 /* GalleryViewController.xib in Resources */ = {isa = PBXBuildFile; fileRef = 597AE1EC26B4313A0052DCD7 /* GalleryViewController.xib */; };
		597AE1F326B5A8E50052DCD7 /* GalleryManager.swift in Sources */ = {isa = PBXBuildFile; fileRef = 597AE1F226B5A8E50052DCD7 /* GalleryManager.swift */; };
		597AE1F926B830A70052DCD7 /* PhotoScrollView.swift in Sources */ = {isa = PBXBuildFile; fileRef = 597AE1F826B830A60052DCD7 /* PhotoScrollView.swift */; };
		597AE1FB26B9842E0052DCD7 /* PhotoCollectionView.swift in Sources */ = {isa = PBXBuildFile; fileRef = 597AE1FA26B9842D0052DCD7 /* PhotoCollectionView.swift */; };
		597AE1FE26BBFEAE0052DCD7 /* Localizable.strings in Resources */ = {isa = PBXBuildFile; fileRef = 597AE20026BBFEAE0052DCD7 /* Localizable.strings */; };
		59D684CF26A6DA71004EFB9C /* AppDelegate.swift in Sources */ = {isa = PBXBuildFile; fileRef = 59D684CE26A6DA71004EFB9C /* AppDelegate.swift */; };
		59D684D126A6DA71004EFB9C /* SceneDelegate.swift in Sources */ = {isa = PBXBuildFile; fileRef = 59D684D026A6DA71004EFB9C /* SceneDelegate.swift */; };
		59D684D826A6DA7B004EFB9C /* Assets.xcassets in Resources */ = {isa = PBXBuildFile; fileRef = 59D684D726A6DA7B004EFB9C /* Assets.xcassets */; };
		59D684DB26A6DA7B004EFB9C /* LaunchScreen.storyboard in Resources */ = {isa = PBXBuildFile; fileRef = 59D684D926A6DA7B004EFB9C /* LaunchScreen.storyboard */; };
		59D684ED26A70D8D004EFB9C /* AuthService.swift in Sources */ = {isa = PBXBuildFile; fileRef = 59D684EC26A70D8D004EFB9C /* AuthService.swift */; };
		68BEB1F3C58E46D926C780AF /* Pods_MobileUpGallery.framework in Frameworks */ = {isa = PBXBuildFile; fileRef = 0D3D93F7ED4CD6A6802EDB2E /* Pods_MobileUpGallery.framework */; };
/* End PBXBuildFile section */

/* Begin PBXCopyFilesBuildPhase section */
		59D684E826A6F7EC004EFB9C /* Embed Frameworks */ = {
			isa = PBXCopyFilesBuildPhase;
			buildActionMask = 2147483647;
			dstPath = "";
			dstSubfolderSpec = 10;
			files = (
			);
			name = "Embed Frameworks";
			runOnlyForDeploymentPostprocessing = 0;
		};
/* End PBXCopyFilesBuildPhase section */

/* Begin PBXFileReference section */
		02A37BB3B52499457289837E /* Pods-MobileUpGallery.debug.xcconfig */ = {isa = PBXFileReference; includeInIndex = 1; lastKnownFileType = text.xcconfig; name = "Pods-MobileUpGallery.debug.xcconfig"; path = "Target Support Files/Pods-MobileUpGallery/Pods-MobileUpGallery.debug.xcconfig"; sourceTree = "<group>"; };
		0D3D93F7ED4CD6A6802EDB2E /* Pods_MobileUpGallery.framework */ = {isa = PBXFileReference; explicitFileType = wrapper.framework; includeInIndex = 0; path = Pods_MobileUpGallery.framework; sourceTree = BUILT_PRODUCTS_DIR; };
		5975DDE626A86A0A00789746 /* GalleryViewController.swift */ = {isa = PBXFileReference; lastKnownFileType = sourcecode.swift; path = GalleryViewController.swift; sourceTree = "<group>"; };
		5975DDEC26A96B1E00789746 /* NetworkService.swift */ = {isa = PBXFileReference; lastKnownFileType = sourcecode.swift; path = NetworkService.swift; sourceTree = "<group>"; };
		5975DDEE26A96C3100789746 /* API.swift */ = {isa = PBXFileReference; lastKnownFileType = sourcecode.swift; path = API.swift; sourceTree = "<group>"; };
		5975DDF126A99AFE00789746 /* PhotosResponse.swift */ = {isa = PBXFileReference; lastKnownFileType = sourcecode.swift; path = PhotosResponse.swift; sourceTree = "<group>"; };
		5975DDF326A9A2BE00789746 /* NetworkDataFetcher.swift */ = {isa = PBXFileReference; lastKnownFileType = sourcecode.swift; path = NetworkDataFetcher.swift; sourceTree = "<group>"; };
		5975DE0B26AAE4FB00789746 /* WebImageView.swift */ = {isa = PBXFileReference; lastKnownFileType = sourcecode.swift; path = WebImageView.swift; sourceTree = "<group>"; };
		5975DE0D26AB28C200789746 /* PhotoCell.swift */ = {isa = PBXFileReference; lastKnownFileType = sourcecode.swift; path = PhotoCell.swift; sourceTree = "<group>"; };
		5975DE0F26AF0B3200789746 /* PhotoCell.xib */ = {isa = PBXFileReference; lastKnownFileType = file.xib; path = PhotoCell.xib; sourceTree = "<group>"; };
		597AE1E426B2E8850052DCD7 /* PhotoViewController.swift */ = {isa = PBXFileReference; lastKnownFileType = sourcecode.swift; path = PhotoViewController.swift; sourceTree = "<group>"; };
		597AE1E526B2E8850052DCD7 /* PhotoViewController.xib */ = {isa = PBXFileReference; lastKnownFileType = file.xib; path = PhotoViewController.xib; sourceTree = "<group>"; };
		597AE1E826B425700052DCD7 /* AuthViewController.swift */ = {isa = PBXFileReference; lastKnownFileType = sourcecode.swift; path = AuthViewController.swift; sourceTree = "<group>"; };
		597AE1E926B425700052DCD7 /* AuthViewController.xib */ = {isa = PBXFileReference; lastKnownFileType = file.xib; path = AuthViewController.xib; sourceTree = "<group>"; };
		597AE1EC26B4313A0052DCD7 /* GalleryViewController.xib */ = {isa = PBXFileReference; lastKnownFileType = file.xib; path = GalleryViewController.xib; sourceTree = "<group>"; };
		597AE1F226B5A8E50052DCD7 /* GalleryManager.swift */ = {isa = PBXFileReference; lastKnownFileType = sourcecode.swift; path = GalleryManager.swift; sourceTree = "<group>"; };
		597AE1F826B830A60052DCD7 /* PhotoScrollView.swift */ = {isa = PBXFileReference; lastKnownFileType = sourcecode.swift; path = PhotoScrollView.swift; sourceTree = "<group>"; };
		597AE1FA26B9842D0052DCD7 /* PhotoCollectionView.swift */ = {isa = PBXFileReference; lastKnownFileType = sourcecode.swift; path = PhotoCollectionView.swift; sourceTree = "<group>"; };
		597AE1FF26BBFEAE0052DCD7 /* en */ = {isa = PBXFileReference; lastKnownFileType = text.plist.strings; name = en; path = en.lproj/Localizable.strings; sourceTree = "<group>"; };
		59D684CB26A6DA71004EFB9C /* MobileUpGallery.app */ = {isa = PBXFileReference; explicitFileType = wrapper.application; includeInIndex = 0; path = MobileUpGallery.app; sourceTree = BUILT_PRODUCTS_DIR; };
		59D684CE26A6DA71004EFB9C /* AppDelegate.swift */ = {isa = PBXFileReference; lastKnownFileType = sourcecode.swift; path = AppDelegate.swift; sourceTree = "<group>"; };
		59D684D026A6DA71004EFB9C /* SceneDelegate.swift */ = {isa = PBXFileReference; lastKnownFileType = sourcecode.swift; path = SceneDelegate.swift; sourceTree = "<group>"; };
		59D684D726A6DA7B004EFB9C /* Assets.xcassets */ = {isa = PBXFileReference; lastKnownFileType = folder.assetcatalog; path = Assets.xcassets; sourceTree = "<group>"; };
		59D684DA26A6DA7B004EFB9C /* Base */ = {isa = PBXFileReference; lastKnownFileType = file.storyboard; name = Base; path = Base.lproj/LaunchScreen.storyboard; sourceTree = "<group>"; };
		59D684DC26A6DA7B004EFB9C /* Info.plist */ = {isa = PBXFileReference; lastKnownFileType = text.plist.xml; path = Info.plist; sourceTree = "<group>"; };
		59D684EC26A70D8D004EFB9C /* AuthService.swift */ = {isa = PBXFileReference; lastKnownFileType = sourcecode.swift; path = AuthService.swift; sourceTree = "<group>"; };
		64F55C4149FF7A5E045E74E1 /* Pods-MobileUpGallery.release.xcconfig */ = {isa = PBXFileReference; includeInIndex = 1; lastKnownFileType = text.xcconfig; name = "Pods-MobileUpGallery.release.xcconfig"; path = "Target Support Files/Pods-MobileUpGallery/Pods-MobileUpGallery.release.xcconfig"; sourceTree = "<group>"; };
/* End PBXFileReference section */

/* Begin PBXFrameworksBuildPhase section */
		59D684C826A6DA71004EFB9C /* Frameworks */ = {
			isa = PBXFrameworksBuildPhase;
			buildActionMask = 2147483647;
			files = (
				68BEB1F3C58E46D926C780AF /* Pods_MobileUpGallery.framework in Frameworks */,
			);
			runOnlyForDeploymentPostprocessing = 0;
		};
/* End PBXFrameworksBuildPhase section */

/* Begin PBXGroup section */
		51EB4A7F4018D23FEBA12FFE /* Frameworks */ = {
			isa = PBXGroup;
			children = (
				0D3D93F7ED4CD6A6802EDB2E /* Pods_MobileUpGallery.framework */,
			);
			name = Frameworks;
			sourceTree = "<group>";
		};
		5975DDF026A99AE100789746 /* Models */ = {
			isa = PBXGroup;
			children = (
				5975DDF126A99AFE00789746 /* PhotosResponse.swift */,
			);
			path = Models;
			sourceTree = "<group>";
		};
		597AE1EE26B4360D0052DCD7 /* Controllers */ = {
			isa = PBXGroup;
			children = (
				597AE1E826B425700052DCD7 /* AuthViewController.swift */,
				5975DDE626A86A0A00789746 /* GalleryViewController.swift */,
				5975DE0D26AB28C200789746 /* PhotoCell.swift */,
				597AE1E426B2E8850052DCD7 /* PhotoViewController.swift */,
				597AE1F826B830A60052DCD7 /* PhotoScrollView.swift */,
				597AE1FA26B9842D0052DCD7 /* PhotoCollectionView.swift */,
			);
			path = Controllers;
			sourceTree = "<group>";
		};
		597AE1EF26B4362F0052DCD7 /* SupportFiles */ = {
			isa = PBXGroup;
			children = (
				59D684CE26A6DA71004EFB9C /* AppDelegate.swift */,
				59D684D026A6DA71004EFB9C /* SceneDelegate.swift */,
			);
			path = SupportFiles;
			sourceTree = "<group>";
		};
		597AE1F426B5B08C0052DCD7 /* Networking */ = {
			isa = PBXGroup;
			children = (
				5975DDEE26A96C3100789746 /* API.swift */,
				5975DDEC26A96B1E00789746 /* NetworkService.swift */,
				5975DDF326A9A2BE00789746 /* NetworkDataFetcher.swift */,
			);
			path = Networking;
			sourceTree = "<group>";
		};
		597AE1F526B5B0C80052DCD7 /* IBuilder */ = {
			isa = PBXGroup;
			children = (
				597AE1E926B425700052DCD7 /* AuthViewController.xib */,
				597AE1EC26B4313A0052DCD7 /* GalleryViewController.xib */,
				597AE1E526B2E8850052DCD7 /* PhotoViewController.xib */,
				5975DE0F26AF0B3200789746 /* PhotoCell.xib */,
			);
			path = IBuilder;
			sourceTree = "<group>";
		};
		59D684C226A6DA71004EFB9C = {
			isa = PBXGroup;
			children = (
				59D684CD26A6DA71004EFB9C /* MobileUpGallery */,
				59D684CC26A6DA71004EFB9C /* Products */,
				683B289356F980AFE662ECB7 /* Pods */,
				51EB4A7F4018D23FEBA12FFE /* Frameworks */,
			);
			sourceTree = "<group>";
		};
		59D684CC26A6DA71004EFB9C /* Products */ = {
			isa = PBXGroup;
			children = (
				59D684CB26A6DA71004EFB9C /* MobileUpGallery.app */,
			);
			name = Products;
			sourceTree = "<group>";
		};
		59D684CD26A6DA71004EFB9C /* MobileUpGallery */ = {
			isa = PBXGroup;
			children = (
				597AE1F526B5B0C80052DCD7 /* IBuilder */,
				597AE1EF26B4362F0052DCD7 /* SupportFiles */,
				597AE1EE26B4360D0052DCD7 /* Controllers */,
				5975DDF026A99AE100789746 /* Models */,
				59D684EE26A70D96004EFB9C /* Services */,
				59D684D726A6DA7B004EFB9C /* Assets.xcassets */,
				59D684D926A6DA7B004EFB9C /* LaunchScreen.storyboard */,
				59D684DC26A6DA7B004EFB9C /* Info.plist */,
			);
			path = MobileUpGallery;
			sourceTree = "<group>";
		};
		59D684EE26A70D96004EFB9C /* Services */ = {
			isa = PBXGroup;
			children = (
				597AE1F426B5B08C0052DCD7 /* Networking */,
				59D684EC26A70D8D004EFB9C /* AuthService.swift */,
				597AE1F226B5A8E50052DCD7 /* GalleryManager.swift */,
				5975DE0B26AAE4FB00789746 /* WebImageView.swift */,
				597AE20026BBFEAE0052DCD7 /* Localizable.strings */,
			);
			path = Services;
			sourceTree = "<group>";
		};
		683B289356F980AFE662ECB7 /* Pods */ = {
			isa = PBXGroup;
			children = (
				02A37BB3B52499457289837E /* Pods-MobileUpGallery.debug.xcconfig */,
				64F55C4149FF7A5E045E74E1 /* Pods-MobileUpGallery.release.xcconfig */,
			);
			path = Pods;
			sourceTree = "<group>";
		};
/* End PBXGroup section */

/* Begin PBXNativeTarget section */
		59D684CA26A6DA71004EFB9C /* MobileUpGallery */ = {
			isa = PBXNativeTarget;
			buildConfigurationList = 59D684DF26A6DA7B004EFB9C /* Build configuration list for PBXNativeTarget "MobileUpGallery" */;
			buildPhases = (
				8B0EAF82C67A5414F3C018B5 /* [CP] Check Pods Manifest.lock */,
				59D684C726A6DA71004EFB9C /* Sources */,
				59D684C826A6DA71004EFB9C /* Frameworks */,
				59D684C926A6DA71004EFB9C /* Resources */,
				59D684E826A6F7EC004EFB9C /* Embed Frameworks */,
				39528B7C1209EC64090000F3 /* [CP] Embed Pods Frameworks */,
			);
			buildRules = (
			);
			dependencies = (
			);
			name = MobileUpGallery;
			productName = MobileUpGallery;
			productReference = 59D684CB26A6DA71004EFB9C /* MobileUpGallery.app */;
			productType = "com.apple.product-type.application";
		};
/* End PBXNativeTarget section */

/* Begin PBXProject section */
		59D684C326A6DA71004EFB9C /* Project object */ = {
			isa = PBXProject;
			attributes = {
				LastSwiftUpdateCheck = 1250;
				LastUpgradeCheck = 1250;
				TargetAttributes = {
					59D684CA26A6DA71004EFB9C = {
						CreatedOnToolsVersion = 12.5;
					};
				};
			};
			buildConfigurationList = 59D684C626A6DA71004EFB9C /* Build configuration list for PBXProject "MobileUpGallery" */;
			compatibilityVersion = "Xcode 9.3";
			developmentRegion = en;
			hasScannedForEncodings = 0;
			knownRegions = (
				en,
				Base,
			);
			mainGroup = 59D684C226A6DA71004EFB9C;
			productRefGroup = 59D684CC26A6DA71004EFB9C /* Products */;
			projectDirPath = "";
			projectRoot = "";
			targets = (
				59D684CA26A6DA71004EFB9C /* MobileUpGallery */,
			);
		};
/* End PBXProject section */

/* Begin PBXResourcesBuildPhase section */
		59D684C926A6DA71004EFB9C /* Resources */ = {
			isa = PBXResourcesBuildPhase;
			buildActionMask = 2147483647;
			files = (
				597AE1EB26B425700052DCD7 /* AuthViewController.xib in Resources */,
				59D684DB26A6DA7B004EFB9C /* LaunchScreen.storyboard in Resources */,
				597AE1E726B2E8850052DCD7 /* PhotoViewController.xib in Resources */,
				597AE1FE26BBFEAE0052DCD7 /* Localizable.strings in Resources */,
				59D684D826A6DA7B004EFB9C /* Assets.xcassets in Resources */,
				5975DE1026AF0B3200789746 /* PhotoCell.xib in Resources */,
				597AE1ED26B4313A0052DCD7 /* GalleryViewController.xib in Resources */,
			);
			runOnlyForDeploymentPostprocessing = 0;
		};
/* End PBXResourcesBuildPhase section */

/* Begin PBXShellScriptBuildPhase section */
		39528B7C1209EC64090000F3 /* [CP] Embed Pods Frameworks */ = {
			isa = PBXShellScriptBuildPhase;
			buildActionMask = 2147483647;
			files = (
			);
			inputFileListPaths = (
				"${PODS_ROOT}/Target Support Files/Pods-MobileUpGallery/Pods-MobileUpGallery-frameworks-${CONFIGURATION}-input-files.xcfilelist",
			);
			name = "[CP] Embed Pods Frameworks";
			outputFileListPaths = (
				"${PODS_ROOT}/Target Support Files/Pods-MobileUpGallery/Pods-MobileUpGallery-frameworks-${CONFIGURATION}-output-files.xcfilelist",
			);
			runOnlyForDeploymentPostprocessing = 0;
			shellPath = /bin/sh;
			shellScript = "\"${PODS_ROOT}/Target Support Files/Pods-MobileUpGallery/Pods-MobileUpGallery-frameworks.sh\"\n";
			showEnvVarsInLog = 0;
		};
		8B0EAF82C67A5414F3C018B5 /* [CP] Check Pods Manifest.lock */ = {
			isa = PBXShellScriptBuildPhase;
			buildActionMask = 2147483647;
			files = (
			);
			inputFileListPaths = (
			);
			inputPaths = (
				"${PODS_PODFILE_DIR_PATH}/Podfile.lock",
				"${PODS_ROOT}/Manifest.lock",
			);
			name = "[CP] Check Pods Manifest.lock";
			outputFileListPaths = (
			);
			outputPaths = (
				"$(DERIVED_FILE_DIR)/Pods-MobileUpGallery-checkManifestLockResult.txt",
			);
			runOnlyForDeploymentPostprocessing = 0;
			shellPath = /bin/sh;
			shellScript = "diff \"${PODS_PODFILE_DIR_PATH}/Podfile.lock\" \"${PODS_ROOT}/Manifest.lock\" > /dev/null\nif [ $? != 0 ] ; then\n    # print error to STDERR\n    echo \"error: The sandbox is not in sync with the Podfile.lock. Run 'pod install' or update your CocoaPods installation.\" >&2\n    exit 1\nfi\n# This output is used by Xcode 'outputs' to avoid re-running this script phase.\necho \"SUCCESS\" > \"${SCRIPT_OUTPUT_FILE_0}\"\n";
			showEnvVarsInLog = 0;
		};
/* End PBXShellScriptBuildPhase section */

/* Begin PBXSourcesBuildPhase section */
		59D684C726A6DA71004EFB9C /* Sources */ = {
			isa = PBXSourcesBuildPhase;
			buildActionMask = 2147483647;
			files = (
				5975DE0C26AAE4FB00789746 /* WebImageView.swift in Sources */,
				59D684CF26A6DA71004EFB9C /* AppDelegate.swift in Sources */,
				597AE1F926B830A70052DCD7 /* PhotoScrollView.swift in Sources */,
				5975DDE726A86A0A00789746 /* GalleryViewController.swift in Sources */,
				5975DDF226A99AFE00789746 /* PhotosResponse.swift in Sources */,
				597AE1E626B2E8850052DCD7 /* PhotoViewController.swift in Sources */,
				597AE1F326B5A8E50052DCD7 /* GalleryManager.swift in Sources */,
				59D684D126A6DA71004EFB9C /* SceneDelegate.swift in Sources */,
				597AE1EA26B425700052DCD7 /* AuthViewController.swift in Sources */,
				5975DDED26A96B1E00789746 /* NetworkService.swift in Sources */,
				5975DDF426A9A2BE00789746 /* NetworkDataFetcher.swift in Sources */,
				597AE1FB26B9842E0052DCD7 /* PhotoCollectionView.swift in Sources */,
				59D684ED26A70D8D004EFB9C /* AuthService.swift in Sources */,
				5975DE0E26AB28C200789746 /* PhotoCell.swift in Sources */,
				5975DDEF26A96C3100789746 /* API.swift in Sources */,
			);
			runOnlyForDeploymentPostprocessing = 0;
		};
/* End PBXSourcesBuildPhase section */

/* Begin PBXVariantGroup section */
		597AE20026BBFEAE0052DCD7 /* Localizable.strings */ = {
			isa = PBXVariantGroup;
			children = (
				597AE1FF26BBFEAE0052DCD7 /* en */,
			);
			name = Localizable.strings;
			sourceTree = "<group>";
		};
		59D684D926A6DA7B004EFB9C /* LaunchScreen.storyboard */ = {
			isa = PBXVariantGroup;
			children = (
				59D684DA26A6DA7B004EFB9C /* Base */,
			);
			name = LaunchScreen.storyboard;
			sourceTree = "<group>";
		};
/* End PBXVariantGroup section */

/* Begin XCBuildConfiguration section */
		59D684DD26A6DA7B004EFB9C /* Debug */ = {
			isa = XCBuildConfiguration;
			buildSettings = {
				ALWAYS_SEARCH_USER_PATHS = NO;
				CLANG_ANALYZER_NONNULL = YES;
				CLANG_ANALYZER_NUMBER_OBJECT_CONVERSION = YES_AGGRESSIVE;
				CLANG_CXX_LANGUAGE_STANDARD = "gnu++14";
				CLANG_CXX_LIBRARY = "libc++";
				CLANG_ENABLE_MODULES = YES;
				CLANG_ENABLE_OBJC_ARC = YES;
				CLANG_ENABLE_OBJC_WEAK = YES;
				CLANG_WARN_BLOCK_CAPTURE_AUTORELEASING = YES;
				CLANG_WARN_BOOL_CONVERSION = YES;
				CLANG_WARN_COMMA = YES;
				CLANG_WARN_CONSTANT_CONVERSION = YES;
				CLANG_WARN_DEPRECATED_OBJC_IMPLEMENTATIONS = YES;
				CLANG_WARN_DIRECT_OBJC_ISA_USAGE = YES_ERROR;
				CLANG_WARN_DOCUMENTATION_COMMENTS = YES;
				CLANG_WARN_EMPTY_BODY = YES;
				CLANG_WARN_ENUM_CONVERSION = YES;
				CLANG_WARN_INFINITE_RECURSION = YES;
				CLANG_WARN_INT_CONVERSION = YES;
				CLANG_WARN_NON_LITERAL_NULL_CONVERSION = YES;
				CLANG_WARN_OBJC_IMPLICIT_RETAIN_SELF = YES;
				CLANG_WARN_OBJC_LITERAL_CONVERSION = YES;
				CLANG_WARN_OBJC_ROOT_CLASS = YES_ERROR;
				CLANG_WARN_QUOTED_INCLUDE_IN_FRAMEWORK_HEADER = YES;
				CLANG_WARN_RANGE_LOOP_ANALYSIS = YES;
				CLANG_WARN_STRICT_PROTOTYPES = YES;
				CLANG_WARN_SUSPICIOUS_MOVE = YES;
				CLANG_WARN_UNGUARDED_AVAILABILITY = YES_AGGRESSIVE;
				CLANG_WARN_UNREACHABLE_CODE = YES;
				CLANG_WARN__DUPLICATE_METHOD_MATCH = YES;
				COPY_PHASE_STRIP = NO;
				DEBUG_INFORMATION_FORMAT = dwarf;
				ENABLE_STRICT_OBJC_MSGSEND = YES;
				ENABLE_TESTABILITY = YES;
				GCC_C_LANGUAGE_STANDARD = gnu11;
				GCC_DYNAMIC_NO_PIC = NO;
				GCC_NO_COMMON_BLOCKS = YES;
				GCC_OPTIMIZATION_LEVEL = 0;
				GCC_PREPROCESSOR_DEFINITIONS = (
					"DEBUG=1",
					"$(inherited)",
				);
				GCC_WARN_64_TO_32_BIT_CONVERSION = YES;
				GCC_WARN_ABOUT_RETURN_TYPE = YES_ERROR;
				GCC_WARN_UNDECLARED_SELECTOR = YES;
				GCC_WARN_UNINITIALIZED_AUTOS = YES_AGGRESSIVE;
				GCC_WARN_UNUSED_FUNCTION = YES;
				GCC_WARN_UNUSED_VARIABLE = YES;
				IPHONEOS_DEPLOYMENT_TARGET = 14.5;
				MTL_ENABLE_DEBUG_INFO = INCLUDE_SOURCE;
				MTL_FAST_MATH = YES;
				ONLY_ACTIVE_ARCH = YES;
				SDKROOT = iphoneos;
				SWIFT_ACTIVE_COMPILATION_CONDITIONS = DEBUG;
				SWIFT_OPTIMIZATION_LEVEL = "-Onone";
			};
			name = Debug;
		};
		59D684DE26A6DA7B004EFB9C /* Release */ = {
			isa = XCBuildConfiguration;
			buildSettings = {
				ALWAYS_SEARCH_USER_PATHS = NO;
				CLANG_ANALYZER_NONNULL = YES;
				CLANG_ANALYZER_NUMBER_OBJECT_CONVERSION = YES_AGGRESSIVE;
				CLANG_CXX_LANGUAGE_STANDARD = "gnu++14";
				CLANG_CXX_LIBRARY = "libc++";
				CLANG_ENABLE_MODULES = YES;
				CLANG_ENABLE_OBJC_ARC = YES;
				CLANG_ENABLE_OBJC_WEAK = YES;
				CLANG_WARN_BLOCK_CAPTURE_AUTORELEASING = YES;
				CLANG_WARN_BOOL_CONVERSION = YES;
				CLANG_WARN_COMMA = YES;
				CLANG_WARN_CONSTANT_CONVERSION = YES;
				CLANG_WARN_DEPRECATED_OBJC_IMPLEMENTATIONS = YES;
				CLANG_WARN_DIRECT_OBJC_ISA_USAGE = YES_ERROR;
				CLANG_WARN_DOCUMENTATION_COMMENTS = YES;
				CLANG_WARN_EMPTY_BODY = YES;
				CLANG_WARN_ENUM_CONVERSION = YES;
				CLANG_WARN_INFINITE_RECURSION = YES;
				CLANG_WARN_INT_CONVERSION = YES;
				CLANG_WARN_NON_LITERAL_NULL_CONVERSION = YES;
				CLANG_WARN_OBJC_IMPLICIT_RETAIN_SELF = YES;
				CLANG_WARN_OBJC_LITERAL_CONVERSION = YES;
				CLANG_WARN_OBJC_ROOT_CLASS = YES_ERROR;
				CLANG_WARN_QUOTED_INCLUDE_IN_FRAMEWORK_HEADER = YES;
				CLANG_WARN_RANGE_LOOP_ANALYSIS = YES;
				CLANG_WARN_STRICT_PROTOTYPES = YES;
				CLANG_WARN_SUSPICIOUS_MOVE = YES;
				CLANG_WARN_UNGUARDED_AVAILABILITY = YES_AGGRESSIVE;
				CLANG_WARN_UNREACHABLE_CODE = YES;
				CLANG_WARN__DUPLICATE_METHOD_MATCH = YES;
				COPY_PHASE_STRIP = NO;
				DEBUG_INFORMATION_FORMAT = "dwarf-with-dsym";
				ENABLE_NS_ASSERTIONS = NO;
				ENABLE_STRICT_OBJC_MSGSEND = YES;
				GCC_C_LANGUAGE_STANDARD = gnu11;
				GCC_NO_COMMON_BLOCKS = YES;
				GCC_WARN_64_TO_32_BIT_CONVERSION = YES;
				GCC_WARN_ABOUT_RETURN_TYPE = YES_ERROR;
				GCC_WARN_UNDECLARED_SELECTOR = YES;
				GCC_WARN_UNINITIALIZED_AUTOS = YES_AGGRESSIVE;
				GCC_WARN_UNUSED_FUNCTION = YES;
				GCC_WARN_UNUSED_VARIABLE = YES;
				IPHONEOS_DEPLOYMENT_TARGET = 14.5;
				MTL_ENABLE_DEBUG_INFO = NO;
				MTL_FAST_MATH = YES;
				SDKROOT = iphoneos;
				SWIFT_COMPILATION_MODE = wholemodule;
				SWIFT_OPTIMIZATION_LEVEL = "-O";
				VALIDATE_PRODUCT = YES;
			};
			name = Release;
		};
		59D684E026A6DA7B004EFB9C /* Debug */ = {
			isa = XCBuildConfiguration;
			baseConfigurationReference = 02A37BB3B52499457289837E /* Pods-MobileUpGallery.debug.xcconfig */;
			buildSettings = {
				ASSETCATALOG_COMPILER_APPICON_NAME = AppIcon;
				ASSETCATALOG_COMPILER_GLOBAL_ACCENT_COLOR_NAME = AccentColor;
				CODE_SIGN_STYLE = Automatic;
				DEVELOPMENT_TEAM = 6924K5V5X2;
				FRAMEWORK_SEARCH_PATHS = "";
				"FRAMEWORK_SEARCH_PATHS[arch=*]" = "\"${PODS_CONFIGURATION_BUILD_DIR}/VK-ios-sdk/";
				INFOPLIST_FILE = MobileUpGallery/Info.plist;
				IPHONEOS_DEPLOYMENT_TARGET = 13.0;
				LD_RUNPATH_SEARCH_PATHS = (
					"$(inherited)",
					"@executable_path/Frameworks",
				);
				PRODUCT_BUNDLE_IDENTIFIER = OlesyaEgorova.MobileUpGallery;
				PRODUCT_NAME = "$(TARGET_NAME)";
				SWIFT_VERSION = 5.0;
				TARGETED_DEVICE_FAMILY = 1;
				VALIDATE_WORKSPACE = NO;
			};
			name = Debug;
		};
		59D684E126A6DA7B004EFB9C /* Release */ = {
			isa = XCBuildConfiguration;
			baseConfigurationReference = 64F55C4149FF7A5E045E74E1 /* Pods-MobileUpGallery.release.xcconfig */;
			buildSettings = {
				ASSETCATALOG_COMPILER_APPICON_NAME = AppIcon;
				ASSETCATALOG_COMPILER_GLOBAL_ACCENT_COLOR_NAME = AccentColor;
				CODE_SIGN_STYLE = Automatic;
				DEVELOPMENT_TEAM = 6924K5V5X2;
				INFOPLIST_FILE = MobileUpGallery/Info.plist;
				IPHONEOS_DEPLOYMENT_TARGET = 13.0;
				LD_RUNPATH_SEARCH_PATHS = (
					"$(inherited)",
					"@executable_path/Frameworks",
				);
				PRODUCT_BUNDLE_IDENTIFIER = OlesyaEgorova.MobileUpGallery;
				PRODUCT_NAME = "$(TARGET_NAME)";
				SWIFT_VERSION = 5.0;
				TARGETED_DEVICE_FAMILY = 1;
				VALIDATE_WORKSPACE = NO;
			};
			name = Release;
		};
/* End XCBuildConfiguration section */

/* Begin XCConfigurationList section */
		59D684C626A6DA71004EFB9C /* Build configuration list for PBXProject "MobileUpGallery" */ = {
			isa = XCConfigurationList;
			buildConfigurations = (
				59D684DD26A6DA7B004EFB9C /* Debug */,
				59D684DE26A6DA7B004EFB9C /* Release */,
			);
			defaultConfigurationIsVisible = 0;
			defaultConfigurationName = Release;
		};
		59D684DF26A6DA7B004EFB9C /* Build configuration list for PBXNativeTarget "MobileUpGallery" */ = {
			isa = XCConfigurationList;
			buildConfigurations = (
				59D684E026A6DA7B004EFB9C /* Debug */,
				59D684E126A6DA7B004EFB9C /* Release */,
			);
			defaultConfigurationIsVisible = 0;
			defaultConfigurationName = Release;
		};
/* End XCConfigurationList section */
	};
	rootObject = 59D684C326A6DA71004EFB9C /* Project object */;
}
